
Microsoft Visual Studio Solution File, Format Version 12.00
# Visual Studio Version 16
VisualStudioVersion = 16.0.30225.117
MinimumVisualStudioVersion = 10.0.40219.1
Project("{8BC9CEB8-8B4A-11D0-8D11-00A0C91BC942}") = "Chapter02_DataType", "2\Chapter02_DataType\Chapter02_DataType.vcxproj", "{5D274DEC-2EEF-4E94-B41C-C4166EAD06C6}"
EndProject
Project("{8BC9CEB8-8B4A-11D0-8D11-00A0C91BC942}") = "Chapter17_NetworkCommunication", "17\Chapter17_NetworkCommunication\Chapter17_NetworkCommunication.vcxproj", "{588294F0-4ABC-44E6-BF8F-1DE868264288}"
EndProject
Project("{2150E333-8FDC-42A3-9474-1A3956D46DE8}") = "Solution Items", "Solution Items", "{9E46C225-8995-4C58-AE67-F57880850860}"
	ProjectSection(SolutionItems) = preProject
		..\..\..\工作资料\我的图书库\专业理论图书\C语言学习资料\C++ 从入门到精通.pdf = ..\..\..\工作资料\我的图书库\专业理论图书\C语言学习资料\C++ 从入门到精通.pdf
	EndProjectSection
EndProject
Project("{8BC9CEB8-8B4A-11D0-8D11-00A0C91BC942}") = "Chapter10_ClassObject", "10\Chapter10_ClassObject\Chapter10_ClassObject.vcxproj", "{FB9965E1-9399-46ED-9735-D07B6152820A}"
EndProject
Project("{8BC9CEB8-8B4A-11D0-8D11-00A0C91BC942}") = "Chapter13_StandardTemplateLibrary", "13\Chapter13_StandardTemplateLibrary\Chapter13_StandardTemplateLibrary.vcxproj", "{8FF46127-BBC3-4DA6-98E4-87946FAC8D49}"
EndProject
Global
	GlobalSection(SolutionConfigurationPlatforms) = preSolution
		Debug|x64 = Debug|x64
		Debug|x86 = Debug|x86
		Release|x64 = Release|x64
		Release|x86 = Release|x86
		Template|x64 = Template|x64
		Template|x86 = Template|x86
	EndGlobalSection
	GlobalSection(ProjectConfigurationPlatforms) = postSolution
		{5D274DEC-2EEF-4E94-B41C-C4166EAD06C6}.Debug|x64.ActiveCfg = Debug|x64
		{5D274DEC-2EEF-4E94-B41C-C4166EAD06C6}.Debug|x64.Build.0 = Debug|x64
		{5D274DEC-2EEF-4E94-B41C-C4166EAD06C6}.Debug|x86.ActiveCfg = Debug|Win32
		{5D274DEC-2EEF-4E94-B41C-C4166EAD06C6}.Debug|x86.Build.0 = Debug|Win32
		{5D274DEC-2EEF-4E94-B41C-C4166EAD06C6}.Release|x64.ActiveCfg = Release|x64
		{5D274DEC-2EEF-4E94-B41C-C4166EAD06C6}.Release|x64.Build.0 = Release|x64
		{5D274DEC-2EEF-4E94-B41C-C4166EAD06C6}.Release|x86.ActiveCfg = Release|Win32
		{5D274DEC-2EEF-4E94-B41C-C4166EAD06C6}.Release|x86.Build.0 = Release|Win32
		{5D274DEC-2EEF-4E94-B41C-C4166EAD06C6}.Template|x64.ActiveCfg = Release|x64
		{5D274DEC-2EEF-4E94-B41C-C4166EAD06C6}.Template|x64.Build.0 = Release|x64
		{5D274DEC-2EEF-4E94-B41C-C4166EAD06C6}.Template|x86.ActiveCfg = Release|Win32
		{5D274DEC-2EEF-4E94-B41C-C4166EAD06C6}.Template|x86.Build.0 = Release|Win32
		{588294F0-4ABC-44E6-BF8F-1DE868264288}.Debug|x64.ActiveCfg = Debug|x64
		{588294F0-4ABC-44E6-BF8F-1DE868264288}.Debug|x64.Build.0 = Debug|x64
		{588294F0-4ABC-44E6-BF8F-1DE868264288}.Debug|x86.ActiveCfg = Debug|Win32
		{588294F0-4ABC-44E6-BF8F-1DE868264288}.Debug|x86.Build.0 = Debug|Win32
		{588294F0-4ABC-44E6-BF8F-1DE868264288}.Release|x64.ActiveCfg = Release|x64
		{588294F0-4ABC-44E6-BF8F-1DE868264288}.Release|x64.Build.0 = Release|x64
		{588294F0-4ABC-44E6-BF8F-1DE868264288}.Release|x86.ActiveCfg = Release|Win32
		{588294F0-4ABC-44E6-BF8F-1DE868264288}.Release|x86.Build.0 = Release|Win32
		{588294F0-4ABC-44E6-BF8F-1DE868264288}.Template|x64.ActiveCfg = Release|x64
		{588294F0-4ABC-44E6-BF8F-1DE868264288}.Template|x64.Build.0 = Release|x64
		{588294F0-4ABC-44E6-BF8F-1DE868264288}.Template|x86.ActiveCfg = Release|Win32
		{588294F0-4ABC-44E6-BF8F-1DE868264288}.Template|x86.Build.0 = Release|Win32
		{FB9965E1-9399-46ED-9735-D07B6152820A}.Debug|x64.ActiveCfg = Debug|x64
		{FB9965E1-9399-46ED-9735-D07B6152820A}.Debug|x64.Build.0 = Debug|x64
		{FB9965E1-9399-46ED-9735-D07B6152820A}.Debug|x86.ActiveCfg = Debug|Win32
		{FB9965E1-9399-46ED-9735-D07B6152820A}.Debug|x86.Build.0 = Debug|Win32
		{FB9965E1-9399-46ED-9735-D07B6152820A}.Release|x64.ActiveCfg = Release|x64
		{FB9965E1-9399-46ED-9735-D07B6152820A}.Release|x64.Build.0 = Release|x64
		{FB9965E1-9399-46ED-9735-D07B6152820A}.Release|x86.ActiveCfg = Release|Win32
		{FB9965E1-9399-46ED-9735-D07B6152820A}.Release|x86.Build.0 = Release|Win32
		{FB9965E1-9399-46ED-9735-D07B6152820A}.Template|x64.ActiveCfg = Release|x64
		{FB9965E1-9399-46ED-9735-D07B6152820A}.Template|x64.Build.0 = Release|x64
		{FB9965E1-9399-46ED-9735-D07B6152820A}.Template|x86.ActiveCfg = Release|Win32
		{FB9965E1-9399-46ED-9735-D07B6152820A}.Template|x86.Build.0 = Release|Win32
		{8FF46127-BBC3-4DA6-98E4-87946FAC8D49}.Debug|x64.ActiveCfg = Debug|x64
		{8FF46127-BBC3-4DA6-98E4-87946FAC8D49}.Debug|x64.Build.0 = Debug|x64
		{8FF46127-BBC3-4DA6-98E4-87946FAC8D49}.Debug|x86.ActiveCfg = Debug|Win32
		{8FF46127-BBC3-4DA6-98E4-87946FAC8D49}.Debug|x86.Build.0 = Debug|Win32
		{8FF46127-BBC3-4DA6-98E4-87946FAC8D49}.Release|x64.ActiveCfg = Release|x64
		{8FF46127-BBC3-4DA6-98E4-87946FAC8D49}.Release|x64.Build.0 = Release|x64
		{8FF46127-BBC3-4DA6-98E4-87946FAC8D49}.Release|x86.ActiveCfg = Release|Win32
		{8FF46127-BBC3-4DA6-98E4-87946FAC8D49}.Release|x86.Build.0 = Release|Win32
		{8FF46127-BBC3-4DA6-98E4-87946FAC8D49}.Template|x64.ActiveCfg = Release|x64
		{8FF46127-BBC3-4DA6-98E4-87946FAC8D49}.Template|x64.Build.0 = Release|x64
		{8FF46127-BBC3-4DA6-98E4-87946FAC8D49}.Template|x86.ActiveCfg = Release|Win32
		{8FF46127-BBC3-4DA6-98E4-87946FAC8D49}.Template|x86.Build.0 = Release|Win32
	EndGlobalSection
	GlobalSection(SolutionProperties) = preSolution
		HideSolutionNode = FALSE
	EndGlobalSection
	GlobalSection(ExtensibilityGlobals) = postSolution
		SolutionGuid = {D6F29BF8-D8CA-468B-A294-E456A66E934F}
	EndGlobalSection
EndGlobal
