<?xml version="1.0" encoding="utf-8"?>
<Project ToolsVersion="4.0" xmlns="http://schemas.microsoft.com/developer/msbuild/2003">
  <ItemGroup>
    <Filter Include="Source Files">
      <UniqueIdentifier>{34a8cc6c-f82f-429c-a1e9-a85004609f3e}</UniqueIdentifier>
      <Extensions>cpp;c;cxx;rc;def;r;odl;idl;hpj;bat</Extensions>
    </Filter>
    <Filter Include="Header Files">
      <UniqueIdentifier>{f9fe0add-fbe0-4301-95dc-25663664ca89}</UniqueIdentifier>
      <Extensions>h;hpp;hxx;hm;inl</Extensions>
    </Filter>
    <Filter Include="Resource Files">
      <UniqueIdentifier>{5f642cf6-c1a9-4558-859c-318ffcfbba64}</UniqueIdentifier>
      <Extensions>ico;cur;bmp;dlg;rc2;rct;bin;rgs;gif;jpg;jpeg;jpe</Extensions>
    </Filter>
  </ItemGroup>
  <ItemGroup>
    <ClCompile Include="ADO.cpp">
      <Filter>Source Files</Filter>
    </ClCompile>
    <ClCompile Include="CheckEdit.cpp">
      <Filter>Source Files</Filter>
    </ClCompile>
    <ClCompile Include="CheckManage.cpp">
      <Filter>Source Files</Filter>
    </ClCompile>
    <ClCompile Include="CheckSum.cpp">
      <Filter>Source Files</Filter>
    </ClCompile>
    <ClCompile Include="DeptEdit.cpp">
      <Filter>Source Files</Filter>
    </ClCompile>
    <ClCompile Include="DeptManage.cpp">
      <Filter>Source Files</Filter>
    </ClCompile>
    <ClCompile Include="LoginDialog.cpp">
      <Filter>Source Files</Filter>
    </ClCompile>
    <ClCompile Include="PassWordEdit.cpp">
      <Filter>Source Files</Filter>
    </ClCompile>
    <ClCompile Include="Person.cpp">
      <Filter>Source Files</Filter>
    </ClCompile>
    <ClCompile Include="PersonDlg.cpp">
      <Filter>Source Files</Filter>
    </ClCompile>
    <ClCompile Include="PersonEdit.cpp">
      <Filter>Source Files</Filter>
    </ClCompile>
    <ClCompile Include="PersonManage.cpp">
      <Filter>Source Files</Filter>
    </ClCompile>
    <ClCompile Include="StdAfx.cpp">
      <Filter>Source Files</Filter>
    </ClCompile>
    <ClCompile Include="UserEdit.cpp">
      <Filter>Source Files</Filter>
    </ClCompile>
    <ClCompile Include="UserManage.cpp">
      <Filter>Source Files</Filter>
    </ClCompile>
  </ItemGroup>
  <ItemGroup>
    <ResourceCompile Include="Person.rc">
      <Filter>Source Files</Filter>
    </ResourceCompile>
  </ItemGroup>
  <ItemGroup>
    <ClInclude Include="ADO.h">
      <Filter>Header Files</Filter>
    </ClInclude>
    <ClInclude Include="CheckEdit.h">
      <Filter>Header Files</Filter>
    </ClInclude>
    <ClInclude Include="CheckManage.h">
      <Filter>Header Files</Filter>
    </ClInclude>
    <ClInclude Include="CheckSum.h">
      <Filter>Header Files</Filter>
    </ClInclude>
    <ClInclude Include="DeptEdit.h">
      <Filter>Header Files</Filter>
    </ClInclude>
    <ClInclude Include="DeptManage.h">
      <Filter>Header Files</Filter>
    </ClInclude>
    <ClInclude Include="LoginDialog.h">
      <Filter>Header Files</Filter>
    </ClInclude>
    <ClInclude Include="PassWordEdit.h">
      <Filter>Header Files</Filter>
    </ClInclude>
    <ClInclude Include="Person.h">
      <Filter>Header Files</Filter>
    </ClInclude>
    <ClInclude Include="PersonDlg.h">
      <Filter>Header Files</Filter>
    </ClInclude>
    <ClInclude Include="PersonEdit.h">
      <Filter>Header Files</Filter>
    </ClInclude>
    <ClInclude Include="PersonManage.h">
      <Filter>Header Files</Filter>
    </ClInclude>
    <ClInclude Include="Resource.h">
      <Filter>Header Files</Filter>
    </ClInclude>
    <ClInclude Include="SkinHook.h">
      <Filter>Header Files</Filter>
    </ClInclude>
    <ClInclude Include="StdAfx.h">
      <Filter>Header Files</Filter>
    </ClInclude>
    <ClInclude Include="UserEdit.h">
      <Filter>Header Files</Filter>
    </ClInclude>
    <ClInclude Include="UserManage.h">
      <Filter>Header Files</Filter>
    </ClInclude>
  </ItemGroup>
  <ItemGroup>
    <Image Include="res\Person.ico">
      <Filter>Resource Files</Filter>
    </Image>
    <Image Include="res\考勤管理系统.BMP">
      <Filter>Resource Files</Filter>
    </Image>
  </ItemGroup>
  <ItemGroup>
    <Text Include="ReadMe.txt" />
  </ItemGroup>
  <ItemGroup>
    <CustomBuild Include="res\Person.rc2">
      <Filter>Resource Files</Filter>
    </CustomBuild>
  </ItemGroup>
</Project>