
Microsoft Visual Studio Solution File, Format Version 12.00
# Visual Studio Version 16
VisualStudioVersion = 16.0.30225.117
MinimumVisualStudioVersion = 10.0.40219.1
Project("{8BC9CEB8-8B4A-11D0-8D11-00A0C91BC942}") = "Sample", "Sample.vcxproj", "{2DEBF9E3-0B0C-42C3-A6A6-3F371F2E3567}"
EndProject
Global
	GlobalSection(SolutionConfigurationPlatforms) = preSolution
		Debug|x86 = Debug|x86
		Release|x86 = Release|x86
	EndGlobalSection
	GlobalSection(ProjectConfigurationPlatforms) = postSolution
		{2DEBF9E3-0B0C-42C3-A6A6-3F371F2E3567}.Debug|x86.ActiveCfg = Debug|Win32
		{2DEBF9E3-0B0C-42C3-A6A6-3F371F2E3567}.Debug|x86.Build.0 = Debug|Win32
		{2DEBF9E3-0B0C-42C3-A6A6-3F371F2E3567}.Release|x86.ActiveCfg = Release|Win32
		{2DEBF9E3-0B0C-42C3-A6A6-3F371F2E3567}.Release|x86.Build.0 = Release|Win32
	EndGlobalSection
	GlobalSection(SolutionProperties) = preSolution
		HideSolutionNode = FALSE
	EndGlobalSection
	GlobalSection(ExtensibilityGlobals) = postSolution
		SolutionGuid = {A118FB5E-0AFB-44E9-A3B4-8B6862D6572C}
	EndGlobalSection
EndGlobal
